// !$*UTF8*$!
{
	archiveVersion = 1;
	classes = {
	};
	objectVersion = 55;
	objects = {

/* Begin PBXBuildFile section */
		033AB98C2787125B002A6FF9 /* LibraryView.swift in Sources */ = {isa = PBXBuildFile; fileRef = 033AB98B2787125B002A6FF9 /* LibraryView.swift */; };
		033AB98E2787131D002A6FF9 /* PlayerView.swift in Sources */ = {isa = PBXBuildFile; fileRef = 033AB98D2787131D002A6FF9 /* PlayerView.swift */; };
		033AB9972788880B002A6FF9 /* MainView.swift in Sources */ = {isa = PBXBuildFile; fileRef = 033AB9962788880B002A6FF9 /* MainView.swift */; };
		033AB99A278888FC002A6FF9 /* RadioView.swift in Sources */ = {isa = PBXBuildFile; fileRef = 033AB999278888FC002A6FF9 /* RadioView.swift */; };
		033AB99D27888DAE002A6FF9 /* FilterView.swift in Sources */ = {isa = PBXBuildFile; fileRef = 033AB99C27888DAE002A6FF9 /* FilterView.swift */; };
		033AB99F27888E5D002A6FF9 /* FirstScreenView.swift in Sources */ = {isa = PBXBuildFile; fileRef = 033AB99E27888E5D002A6FF9 /* FirstScreenView.swift */; };
		033AB9A127888FAF002A6FF9 /* FilterIconsModel.swift in Sources */ = {isa = PBXBuildFile; fileRef = 033AB9A027888FAF002A6FF9 /* FilterIconsModel.swift */; };
		033AB9A4278892D2002A6FF9 /* ConfigureFilterList.swift in Sources */ = {isa = PBXBuildFile; fileRef = 033AB9A3278892D2002A6FF9 /* ConfigureFilterList.swift */; };
		033AB9A62789CE56002A6FF9 /* HorizontalRadioView.swift in Sources */ = {isa = PBXBuildFile; fileRef = 033AB9A52789CE56002A6FF9 /* HorizontalRadioView.swift */; };
		033AB9A82789CE65002A6FF9 /* VerticalRadioView.swift in Sources */ = {isa = PBXBuildFile; fileRef = 033AB9A72789CE65002A6FF9 /* VerticalRadioView.swift */; };
		033AB9AA2789DD4C002A6FF9 /* Albums.swift in Sources */ = {isa = PBXBuildFile; fileRef = 033AB9A92789DD4C002A6FF9 /* Albums.swift */; };
		033AB9AC2789DD9F002A6FF9 /* ConfigureAlbums.swift in Sources */ = {isa = PBXBuildFile; fileRef = 033AB9AB2789DD9F002A6FF9 /* ConfigureAlbums.swift */; };
		03AA3AE1278AF35400872AEA /* Stations.swift in Sources */ = {isa = PBXBuildFile; fileRef = 03AA3AE0278AF35400872AEA /* Stations.swift */; };
		03AA3AE3278AF3BA00872AEA /* ConfigureStations.swift in Sources */ = {isa = PBXBuildFile; fileRef = 03AA3AE2278AF3BA00872AEA /* ConfigureStations.swift */; };
		03F5AFF22759184400AF14E2 /* appleMusicApp.swift in Sources */ = {isa = PBXBuildFile; fileRef = 03F5AFF12759184400AF14E2 /* appleMusicApp.swift */; };
		03F5AFF42759184400AF14E2 /* ContentView.swift in Sources */ = {isa = PBXBuildFile; fileRef = 03F5AFF32759184400AF14E2 /* ContentView.swift */; };
		03F5AFF62759184700AF14E2 /* Assets.xcassets in Resources */ = {isa = PBXBuildFile; fileRef = 03F5AFF52759184700AF14E2 /* Assets.xcassets */; };
		03F5AFF92759184700AF14E2 /* Preview Assets.xcassets in Resources */ = {isa = PBXBuildFile; fileRef = 03F5AFF82759184700AF14E2 /* Preview Assets.xcassets */; };
/* End PBXBuildFile section */

/* Begin PBXFileReference section */
		033AB98B2787125B002A6FF9 /* LibraryView.swift */ = {isa = PBXFileReference; fileEncoding = 4; lastKnownFileType = sourcecode.swift; path = LibraryView.swift; sourceTree = "<group>"; };
		033AB98D2787131D002A6FF9 /* PlayerView.swift */ = {isa = PBXFileReference; lastKnownFileType = sourcecode.swift; path = PlayerView.swift; sourceTree = "<group>"; };
		033AB9962788880B002A6FF9 /* MainView.swift */ = {isa = PBXFileReference; lastKnownFileType = sourcecode.swift; path = MainView.swift; sourceTree = "<group>"; };
		033AB999278888FC002A6FF9 /* RadioView.swift */ = {isa = PBXFileReference; lastKnownFileType = sourcecode.swift; path = RadioView.swift; sourceTree = "<group>"; };
		033AB99C27888DAE002A6FF9 /* FilterView.swift */ = {isa = PBXFileReference; lastKnownFileType = sourcecode.swift; path = FilterView.swift; sourceTree = "<group>"; };
		033AB99E27888E5D002A6FF9 /* FirstScreenView.swift */ = {isa = PBXFileReference; lastKnownFileType = sourcecode.swift; path = FirstScreenView.swift; sourceTree = "<group>"; };
		033AB9A027888FAF002A6FF9 /* FilterIconsModel.swift */ = {isa = PBXFileReference; lastKnownFileType = sourcecode.swift; path = FilterIconsModel.swift; sourceTree = "<group>"; };
		033AB9A3278892D2002A6FF9 /* ConfigureFilterList.swift */ = {isa = PBXFileReference; lastKnownFileType = sourcecode.swift; path = ConfigureFilterList.swift; sourceTree = "<group>"; };
		033AB9A52789CE56002A6FF9 /* HorizontalRadioView.swift */ = {isa = PBXFileReference; lastKnownFileType = sourcecode.swift; path = HorizontalRadioView.swift; sourceTree = "<group>"; };
		033AB9A72789CE65002A6FF9 /* VerticalRadioView.swift */ = {isa = PBXFileReference; lastKnownFileType = sourcecode.swift; path = VerticalRadioView.swift; sourceTree = "<group>"; };
		033AB9A92789DD4C002A6FF9 /* Albums.swift */ = {isa = PBXFileReference; lastKnownFileType = sourcecode.swift; path = Albums.swift; sourceTree = "<group>"; };
		033AB9AB2789DD9F002A6FF9 /* ConfigureAlbums.swift */ = {isa = PBXFileReference; lastKnownFileType = sourcecode.swift; path = ConfigureAlbums.swift; sourceTree = "<group>"; };
		03AA3AE0278AF35400872AEA /* Stations.swift */ = {isa = PBXFileReference; lastKnownFileType = sourcecode.swift; path = Stations.swift; sourceTree = "<group>"; };
		03AA3AE2278AF3BA00872AEA /* ConfigureStations.swift */ = {isa = PBXFileReference; lastKnownFileType = sourcecode.swift; path = ConfigureStations.swift; sourceTree = "<group>"; };
		03F5AFEE2759184400AF14E2 /* appleMusic.app */ = {isa = PBXFileReference; explicitFileType = wrapper.application; includeInIndex = 0; path = appleMusic.app; sourceTree = BUILT_PRODUCTS_DIR; };
		03F5AFF12759184400AF14E2 /* appleMusicApp.swift */ = {isa = PBXFileReference; lastKnownFileType = sourcecode.swift; path = appleMusicApp.swift; sourceTree = "<group>"; };
		03F5AFF32759184400AF14E2 /* ContentView.swift */ = {isa = PBXFileReference; lastKnownFileType = sourcecode.swift; path = ContentView.swift; sourceTree = "<group>"; };
		03F5AFF52759184700AF14E2 /* Assets.xcassets */ = {isa = PBXFileReference; lastKnownFileType = folder.assetcatalog; path = Assets.xcassets; sourceTree = "<group>"; };
		03F5AFF82759184700AF14E2 /* Preview Assets.xcassets */ = {isa = PBXFileReference; lastKnownFileType = folder.assetcatalog; path = "Preview Assets.xcassets"; sourceTree = "<group>"; };
/* End PBXFileReference section */

/* Begin PBXFrameworksBuildPhase section */
		03F5AFEB2759184400AF14E2 /* Frameworks */ = {
			isa = PBXFrameworksBuildPhase;
			buildActionMask = 2147483647;
			files = (
			);
			runOnlyForDeploymentPostprocessing = 0;
		};
/* End PBXFrameworksBuildPhase section */

/* Begin PBXGroup section */
		033AB98F2787143E002A6FF9 /* App */ = {
			isa = PBXGroup;
			children = (
				03F5AFF12759184400AF14E2 /* appleMusicApp.swift */,
			);
			path = App;
			sourceTree = "<group>";
		};
		033AB99027871458002A6FF9 /* View */ = {
			isa = PBXGroup;
			children = (
				033AB99B27888D9F002A6FF9 /* FilterView */,
				033AB998278888D1002A6FF9 /* RadioView */,
				033AB995278887F8002A6FF9 /* MainView */,
				033AB9942788877F002A6FF9 /* PlayerView */,
			);
			path = View;
			sourceTree = "<group>";
		};
		033AB99127871463002A6FF9 /* Modules */ = {
			isa = PBXGroup;
			children = (
				033AB98B2787125B002A6FF9 /* LibraryView.swift */,
			);
			path = Modules;
			sourceTree = "<group>";
		};
		033AB9922787146C002A6FF9 /* Models */ = {
			isa = PBXGroup;
			children = (
				033AB9A027888FAF002A6FF9 /* FilterIconsModel.swift */,
				033AB9A92789DD4C002A6FF9 /* Albums.swift */,
				03AA3AE0278AF35400872AEA /* Stations.swift */,
			);
			path = Models;
			sourceTree = "<group>";
		};
		033AB9942788877F002A6FF9 /* PlayerView */ = {
			isa = PBXGroup;
			children = (
				033AB98D2787131D002A6FF9 /* PlayerView.swift */,
			);
			path = PlayerView;
			sourceTree = "<group>";
		};
		033AB995278887F8002A6FF9 /* MainView */ = {
			isa = PBXGroup;
			children = (
				033AB9962788880B002A6FF9 /* MainView.swift */,
				033AB99E27888E5D002A6FF9 /* FirstScreenView.swift */,
			);
			path = MainView;
			sourceTree = "<group>";
		};
		033AB998278888D1002A6FF9 /* RadioView */ = {
			isa = PBXGroup;
			children = (
				033AB999278888FC002A6FF9 /* RadioView.swift */,
				033AB9A52789CE56002A6FF9 /* HorizontalRadioView.swift */,
				033AB9A72789CE65002A6FF9 /* VerticalRadioView.swift */,
			);
			path = RadioView;
			sourceTree = "<group>";
		};
		033AB99B27888D9F002A6FF9 /* FilterView */ = {
			isa = PBXGroup;
			children = (
				033AB99C27888DAE002A6FF9 /* FilterView.swift */,
			);
			path = FilterView;
			sourceTree = "<group>";
		};
		033AB9A2278892AF002A6FF9 /* Extensions */ = {
			isa = PBXGroup;
			children = (
				033AB9A3278892D2002A6FF9 /* ConfigureFilterList.swift */,
				033AB9AB2789DD9F002A6FF9 /* ConfigureAlbums.swift */,
				03AA3AE2278AF3BA00872AEA /* ConfigureStations.swift */,
			);
			path = Extensions;
			sourceTree = "<group>";
		};
		03F5AFE52759184400AF14E2 = {
			isa = PBXGroup;
			children = (
				03F5AFF02759184400AF14E2 /* appleMusic */,
				03F5AFEF2759184400AF14E2 /* Products */,
			);
			sourceTree = "<group>";
		};
		03F5AFEF2759184400AF14E2 /* Products */ = {
			isa = PBXGroup;
			children = (
				03F5AFEE2759184400AF14E2 /* appleMusic.app */,
			);
			name = Products;
			sourceTree = "<group>";
		};
		03F5AFF02759184400AF14E2 /* appleMusic */ = {
			isa = PBXGroup;
			children = (
				033AB98F2787143E002A6FF9 /* App */,
				033AB99027871458002A6FF9 /* View */,
				033AB9922787146C002A6FF9 /* Models */,
				033AB99127871463002A6FF9 /* Modules */,
				033AB9A2278892AF002A6FF9 /* Extensions */,
				03F5AFF52759184700AF14E2 /* Assets.xcassets */,
				03F5AFF72759184700AF14E2 /* Preview Content */,
			);
			path = appleMusic;
			sourceTree = "<group>";
		};
		03F5AFF72759184700AF14E2 /* Preview Content */ = {
			isa = PBXGroup;
			children = (
				03F5AFF32759184400AF14E2 /* ContentView.swift */,
				03F5AFF82759184700AF14E2 /* Preview Assets.xcassets */,
			);
			path = "Preview Content";
			sourceTree = "<group>";
		};
/* End PBXGroup section */

/* Begin PBXNativeTarget section */
		03F5AFED2759184400AF14E2 /* appleMusic */ = {
			isa = PBXNativeTarget;
			buildConfigurationList = 03F5AFFC2759184700AF14E2 /* Build configuration list for PBXNativeTarget "appleMusic" */;
			buildPhases = (
				03F5AFEA2759184400AF14E2 /* Sources */,
				03F5AFEB2759184400AF14E2 /* Frameworks */,
				03F5AFEC2759184400AF14E2 /* Resources */,
			);
			buildRules = (
			);
			dependencies = (
			);
			name = appleMusic;
			productName = appleMusic;
			productReference = 03F5AFEE2759184400AF14E2 /* appleMusic.app */;
			productType = "com.apple.product-type.application";
		};
/* End PBXNativeTarget section */

/* Begin PBXProject section */
		03F5AFE62759184400AF14E2 /* Project object */ = {
			isa = PBXProject;
			attributes = {
				BuildIndependentTargetsInParallel = 1;
				LastSwiftUpdateCheck = 1300;
				LastUpgradeCheck = 1300;
				TargetAttributes = {
					03F5AFED2759184400AF14E2 = {
						CreatedOnToolsVersion = 13.0;
					};
				};
			};
			buildConfigurationList = 03F5AFE92759184400AF14E2 /* Build configuration list for PBXProject "appleMusic" */;
			compatibilityVersion = "Xcode 13.0";
			developmentRegion = en;
			hasScannedForEncodings = 0;
			knownRegions = (
				en,
				Base,
			);
			mainGroup = 03F5AFE52759184400AF14E2;
			productRefGroup = 03F5AFEF2759184400AF14E2 /* Products */;
			projectDirPath = "";
			projectRoot = "";
			targets = (
				03F5AFED2759184400AF14E2 /* appleMusic */,
			);
		};
/* End PBXProject section */

/* Begin PBXResourcesBuildPhase section */
		03F5AFEC2759184400AF14E2 /* Resources */ = {
			isa = PBXResourcesBuildPhase;
			buildActionMask = 2147483647;
			files = (
				03F5AFF92759184700AF14E2 /* Preview Assets.xcassets in Resources */,
				03F5AFF62759184700AF14E2 /* Assets.xcassets in Resources */,
			);
			runOnlyForDeploymentPostprocessing = 0;
		};
/* End PBXResourcesBuildPhase section */

/* Begin PBXSourcesBuildPhase section */
		03F5AFEA2759184400AF14E2 /* Sources */ = {
			isa = PBXSourcesBuildPhase;
			buildActionMask = 2147483647;
			files = (
				033AB9A4278892D2002A6FF9 /* ConfigureFilterList.swift in Sources */,
				033AB99D27888DAE002A6FF9 /* FilterView.swift in Sources */,
				033AB9A82789CE65002A6FF9 /* VerticalRadioView.swift in Sources */,
				033AB99A278888FC002A6FF9 /* RadioView.swift in Sources */,
				033AB98E2787131D002A6FF9 /* PlayerView.swift in Sources */,
				033AB9AA2789DD4C002A6FF9 /* Albums.swift in Sources */,
				033AB99F27888E5D002A6FF9 /* FirstScreenView.swift in Sources */,
				033AB9A127888FAF002A6FF9 /* FilterIconsModel.swift in Sources */,
				033AB9A62789CE56002A6FF9 /* HorizontalRadioView.swift in Sources */,
				03AA3AE3278AF3BA00872AEA /* ConfigureStations.swift in Sources */,
				03F5AFF42759184400AF14E2 /* ContentView.swift in Sources */,
				033AB98C2787125B002A6FF9 /* LibraryView.swift in Sources */,
				03AA3AE1278AF35400872AEA /* Stations.swift in Sources */,
				033AB9972788880B002A6FF9 /* MainView.swift in Sources */,
				033AB9AC2789DD9F002A6FF9 /* ConfigureAlbums.swift in Sources */,
				03F5AFF22759184400AF14E2 /* appleMusicApp.swift in Sources */,
			);
			runOnlyForDeploymentPostprocessing = 0;
		};
/* End PBXSourcesBuildPhase section */

/* Begin XCBuildConfiguration section */
		03F5AFFA2759184700AF14E2 /* Debug */ = {
			isa = XCBuildConfiguration;
			buildSettings = {
				ALWAYS_SEARCH_USER_PATHS = NO;
				CLANG_ANALYZER_NONNULL = YES;
				CLANG_ANALYZER_NUMBER_OBJECT_CONVERSION = YES_AGGRESSIVE;
				CLANG_CXX_LANGUAGE_STANDARD = "gnu++17";
				CLANG_CXX_LIBRARY = "libc++";
				CLANG_ENABLE_MODULES = YES;
				CLANG_ENABLE_OBJC_ARC = YES;
				CLANG_ENABLE_OBJC_WEAK = YES;
				CLANG_WARN_BLOCK_CAPTURE_AUTORELEASING = YES;
				CLANG_WARN_BOOL_CONVERSION = YES;
				CLANG_WARN_COMMA = YES;
				CLANG_WARN_CONSTANT_CONVERSION = YES;
				CLANG_WARN_DEPRECATED_OBJC_IMPLEMENTATIONS = YES;
				CLANG_WARN_DIRECT_OBJC_ISA_USAGE = YES_ERROR;
				CLANG_WARN_DOCUMENTATION_COMMENTS = YES;
				CLANG_WARN_EMPTY_BODY = YES;
				CLANG_WARN_ENUM_CONVERSION = YES;
				CLANG_WARN_INFINITE_RECURSION = YES;
				CLANG_WARN_INT_CONVERSION = YES;
				CLANG_WARN_NON_LITERAL_NULL_CONVERSION = YES;
				CLANG_WARN_OBJC_IMPLICIT_RETAIN_SELF = YES;
				CLANG_WARN_OBJC_LITERAL_CONVERSION = YES;
				CLANG_WARN_OBJC_ROOT_CLASS = YES_ERROR;
				CLANG_WARN_QUOTED_INCLUDE_IN_FRAMEWORK_HEADER = YES;
				CLANG_WARN_RANGE_LOOP_ANALYSIS = YES;
				CLANG_WARN_STRICT_PROTOTYPES = YES;
				CLANG_WARN_SUSPICIOUS_MOVE = YES;
				CLANG_WARN_UNGUARDED_AVAILABILITY = YES_AGGRESSIVE;
				CLANG_WARN_UNREACHABLE_CODE = YES;
				CLANG_WARN__DUPLICATE_METHOD_MATCH = YES;
				COPY_PHASE_STRIP = NO;
				DEBUG_INFORMATION_FORMAT = dwarf;
				ENABLE_STRICT_OBJC_MSGSEND = YES;
				ENABLE_TESTABILITY = YES;
				GCC_C_LANGUAGE_STANDARD = gnu11;
				GCC_DYNAMIC_NO_PIC = NO;
				GCC_NO_COMMON_BLOCKS = YES;
				GCC_OPTIMIZATION_LEVEL = 0;
				GCC_PREPROCESSOR_DEFINITIONS = (
					"DEBUG=1",
					"$(inherited)",
				);
				GCC_WARN_64_TO_32_BIT_CONVERSION = YES;
				GCC_WARN_ABOUT_RETURN_TYPE = YES_ERROR;
				GCC_WARN_UNDECLARED_SELECTOR = YES;
				GCC_WARN_UNINITIALIZED_AUTOS = YES_AGGRESSIVE;
				GCC_WARN_UNUSED_FUNCTION = YES;
				GCC_WARN_UNUSED_VARIABLE = YES;
				IPHONEOS_DEPLOYMENT_TARGET = 15.0;
				MTL_ENABLE_DEBUG_INFO = INCLUDE_SOURCE;
				MTL_FAST_MATH = YES;
				ONLY_ACTIVE_ARCH = YES;
				SDKROOT = iphoneos;
				SWIFT_ACTIVE_COMPILATION_CONDITIONS = DEBUG;
				SWIFT_OPTIMIZATION_LEVEL = "-Onone";
			};
			name = Debug;
		};
		03F5AFFB2759184700AF14E2 /* Release */ = {
			isa = XCBuildConfiguration;
			buildSettings = {
				ALWAYS_SEARCH_USER_PATHS = NO;
				CLANG_ANALYZER_NONNULL = YES;
				CLANG_ANALYZER_NUMBER_OBJECT_CONVERSION = YES_AGGRESSIVE;
				CLANG_CXX_LANGUAGE_STANDARD = "gnu++17";
				CLANG_CXX_LIBRARY = "libc++";
				CLANG_ENABLE_MODULES = YES;
				CLANG_ENABLE_OBJC_ARC = YES;
				CLANG_ENABLE_OBJC_WEAK = YES;
				CLANG_WARN_BLOCK_CAPTURE_AUTORELEASING = YES;
				CLANG_WARN_BOOL_CONVERSION = YES;
				CLANG_WARN_COMMA = YES;
				CLANG_WARN_CONSTANT_CONVERSION = YES;
				CLANG_WARN_DEPRECATED_OBJC_IMPLEMENTATIONS = YES;
				CLANG_WARN_DIRECT_OBJC_ISA_USAGE = YES_ERROR;
				CLANG_WARN_DOCUMENTATION_COMMENTS = YES;
				CLANG_WARN_EMPTY_BODY = YES;
				CLANG_WARN_ENUM_CONVERSION = YES;
				CLANG_WARN_INFINITE_RECURSION = YES;
				CLANG_WARN_INT_CONVERSION = YES;
				CLANG_WARN_NON_LITERAL_NULL_CONVERSION = YES;
				CLANG_WARN_OBJC_IMPLICIT_RETAIN_SELF = YES;
				CLANG_WARN_OBJC_LITERAL_CONVERSION = YES;
				CLANG_WARN_OBJC_ROOT_CLASS = YES_ERROR;
				CLANG_WARN_QUOTED_INCLUDE_IN_FRAMEWORK_HEADER = YES;
				CLANG_WARN_RANGE_LOOP_ANALYSIS = YES;
				CLANG_WARN_STRICT_PROTOTYPES = YES;
				CLANG_WARN_SUSPICIOUS_MOVE = YES;
				CLANG_WARN_UNGUARDED_AVAILABILITY = YES_AGGRESSIVE;
				CLANG_WARN_UNREACHABLE_CODE = YES;
				CLANG_WARN__DUPLICATE_METHOD_MATCH = YES;
				COPY_PHASE_STRIP = NO;
				DEBUG_INFORMATION_FORMAT = "dwarf-with-dsym";
				ENABLE_NS_ASSERTIONS = NO;
				ENABLE_STRICT_OBJC_MSGSEND = YES;
				GCC_C_LANGUAGE_STANDARD = gnu11;
				GCC_NO_COMMON_BLOCKS = YES;
				GCC_WARN_64_TO_32_BIT_CONVERSION = YES;
				GCC_WARN_ABOUT_RETURN_TYPE = YES_ERROR;
				GCC_WARN_UNDECLARED_SELECTOR = YES;
				GCC_WARN_UNINITIALIZED_AUTOS = YES_AGGRESSIVE;
				GCC_WARN_UNUSED_FUNCTION = YES;
				GCC_WARN_UNUSED_VARIABLE = YES;
				IPHONEOS_DEPLOYMENT_TARGET = 15.0;
				MTL_ENABLE_DEBUG_INFO = NO;
				MTL_FAST_MATH = YES;
				SDKROOT = iphoneos;
				SWIFT_COMPILATION_MODE = wholemodule;
				SWIFT_OPTIMIZATION_LEVEL = "-O";
				VALIDATE_PRODUCT = YES;
			};
			name = Release;
		};
		03F5AFFD2759184700AF14E2 /* Debug */ = {
			isa = XCBuildConfiguration;
			buildSettings = {
				ASSETCATALOG_COMPILER_APPICON_NAME = AppIcon;
				ASSETCATALOG_COMPILER_GLOBAL_ACCENT_COLOR_NAME = AccentColor;
				CODE_SIGN_STYLE = Automatic;
				CURRENT_PROJECT_VERSION = 1;
				DEVELOPMENT_ASSET_PATHS = "\"appleMusic/Preview Content\"";
				DEVELOPMENT_TEAM = F8F75VZQ49;
				ENABLE_PREVIEWS = YES;
				GENERATE_INFOPLIST_FILE = YES;
				INFOPLIST_KEY_UIApplicationSceneManifest_Generation = YES;
				INFOPLIST_KEY_UIApplicationSupportsIndirectInputEvents = YES;
				INFOPLIST_KEY_UILaunchScreen_Generation = YES;
				INFOPLIST_KEY_UISupportedInterfaceOrientations_iPad = "UIInterfaceOrientationPortrait UIInterfaceOrientationPortraitUpsideDown UIInterfaceOrientationLandscapeLeft UIInterfaceOrientationLandscapeRight";
				INFOPLIST_KEY_UISupportedInterfaceOrientations_iPhone = "UIInterfaceOrientationPortrait UIInterfaceOrientationLandscapeLeft UIInterfaceOrientationLandscapeRight";
				IPHONEOS_DEPLOYMENT_TARGET = 15.0;
				LD_RUNPATH_SEARCH_PATHS = (
					"$(inherited)",
					"@executable_path/Frameworks",
				);
				MARKETING_VERSION = 1.0;
				PRODUCT_BUNDLE_IDENTIFIER = com.my.appleMusic;
				PRODUCT_NAME = "$(TARGET_NAME)";
				SWIFT_EMIT_LOC_STRINGS = YES;
				SWIFT_VERSION = 5.0;
				TARGETED_DEVICE_FAMILY = "1,2";
			};
			name = Debug;
		};
		03F5AFFE2759184700AF14E2 /* Release */ = {
			isa = XCBuildConfiguration;
			buildSettings = {
				ASSETCATALOG_COMPILER_APPICON_NAME = AppIcon;
				ASSETCATALOG_COMPILER_GLOBAL_ACCENT_COLOR_NAME = AccentColor;
				CODE_SIGN_STYLE = Automatic;
				CURRENT_PROJECT_VERSION = 1;
				DEVELOPMENT_ASSET_PATHS = "\"appleMusic/Preview Content\"";
				DEVELOPMENT_TEAM = F8F75VZQ49;
				ENABLE_PREVIEWS = YES;
				GENERATE_INFOPLIST_FILE = YES;
				INFOPLIST_KEY_UIApplicationSceneManifest_Generation = YES;
				INFOPLIST_KEY_UIApplicationSupportsIndirectInputEvents = YES;
				INFOPLIST_KEY_UILaunchScreen_Generation = YES;
				INFOPLIST_KEY_UISupportedInterfaceOrientations_iPad = "UIInterfaceOrientationPortrait UIInterfaceOrientationPortraitUpsideDown UIInterfaceOrientationLandscapeLeft UIInterfaceOrientationLandscapeRight";
				INFOPLIST_KEY_UISupportedInterfaceOrientations_iPhone = "UIInterfaceOrientationPortrait UIInterfaceOrientationLandscapeLeft UIInterfaceOrientationLandscapeRight";
				IPHONEOS_DEPLOYMENT_TARGET = 15.0;
				LD_RUNPATH_SEARCH_PATHS = (
					"$(inherited)",
					"@executable_path/Frameworks",
				);
				MARKETING_VERSION = 1.0;
				PRODUCT_BUNDLE_IDENTIFIER = com.my.appleMusic;
				PRODUCT_NAME = "$(TARGET_NAME)";
				SWIFT_EMIT_LOC_STRINGS = YES;
				SWIFT_VERSION = 5.0;
				TARGETED_DEVICE_FAMILY = "1,2";
			};
			name = Release;
		};
/* End XCBuildConfiguration section */

/* Begin XCConfigurationList section */
		03F5AFE92759184400AF14E2 /* Build configuration list for PBXProject "appleMusic" */ = {
			isa = XCConfigurationList;
			buildConfigurations = (
				03F5AFFA2759184700AF14E2 /* Debug */,
				03F5AFFB2759184700AF14E2 /* Release */,
			);
			defaultConfigurationIsVisible = 0;
			defaultConfigurationName = Release;
		};
		03F5AFFC2759184700AF14E2 /* Build configuration list for PBXNativeTarget "appleMusic" */ = {
			isa = XCConfigurationList;
			buildConfigurations = (
				03F5AFFD2759184700AF14E2 /* Debug */,
				03F5AFFE2759184700AF14E2 /* Release */,
			);
			defaultConfigurationIsVisible = 0;
			defaultConfigurationName = Release;
		};
/* End XCConfigurationList section */
	};
	rootObject = 03F5AFE62759184400AF14E2 /* Project object */;
}
